
Microsoft Visual Studio Solution File, Format Version 12.00
# Visual Studio Version 17
VisualStudioVersion = 17.14.36623.8 d17.14
MinimumVisualStudioVersion = 10.0.40219.1
Project("{FAE04EC0-301F-11D3-BF4B-00C04F79EFBC}") = "GTIRadioInTray", "GTIRadioInTray.csproj", "{40C7E935-0898-419F-A3C2-92FFCB42809C}"
EndProject
Global
	GlobalSection(SolutionConfigurationPlatforms) = preSolution
		Debug|Any CPU = Debug|Any CPU
		Release|Any CPU = Release|Any CPU
	EndGlobalSection
	GlobalSection(ProjectConfigurationPlatforms) = postSolution
		{40C7E935-0898-419F-A3C2-92FFCB42809C}.Debug|Any CPU.ActiveCfg = Debug|Any CPU
		{40C7E935-0898-419F-A3C2-92FFCB42809C}.Debug|Any CPU.Build.0 = Debug|Any CPU
		{40C7E935-0898-419F-A3C2-92FFCB42809C}.Release|Any CPU.ActiveCfg = Release|Any CPU
		{40C7E935-0898-419F-A3C2-92FFCB42809C}.Release|Any CPU.Build.0 = Release|Any CPU
	EndGlobalSection
	GlobalSection(SolutionProperties) = preSolution
		HideSolutionNode = FALSE
	EndGlobalSection
	GlobalSection(ExtensibilityGlobals) = postSolution
		SolutionGuid = {F88444DF-42AD-49B0-B3F4-1C3513CBA5FE}
	EndGlobalSection
EndGlobal

